// !$*UTF8*$!
{
	archiveVersion = 1;
	classes = {
	};
	objectVersion = 50;
	objects = {

/* Begin PBXBuildFile section */
		AC1A6C1525A257DC008A1CA2 /* EssentialFeed2.framework in Frameworks */ = {isa = PBXBuildFile; fileRef = AC1A6C0B25A257DC008A1CA2 /* EssentialFeed2.framework */; };
		AC1A6C2C25A2582F008A1CA2 /* FeedItem.swift in Sources */ = {isa = PBXBuildFile; fileRef = AC1A6C2B25A2582F008A1CA2 /* FeedItem.swift */; };
		AC1A6C3025A25938008A1CA2 /* FeedLoader.swift in Sources */ = {isa = PBXBuildFile; fileRef = AC1A6C2F25A25938008A1CA2 /* FeedLoader.swift */; };
		AC1A6C3725A3B282008A1CA2 /* LoadFeedFromRemoteUseCaseTests.swift in Sources */ = {isa = PBXBuildFile; fileRef = AC1A6C3625A3B282008A1CA2 /* LoadFeedFromRemoteUseCaseTests.swift */; };
		AC1A6C3C25A3CD82008A1CA2 /* RemoteFeedLoader.swift in Sources */ = {isa = PBXBuildFile; fileRef = AC1A6C3B25A3CD82008A1CA2 /* RemoteFeedLoader.swift */; };
		AC21F55325DEF7800084C093 /* RemoteFeedItem.swift in Sources */ = {isa = PBXBuildFile; fileRef = AC21F55225DEF7800084C093 /* RemoteFeedItem.swift */; };
		AC21F55825DEF8120084C093 /* LocalFeedImage.swift in Sources */ = {isa = PBXBuildFile; fileRef = AC21F55725DEF8120084C093 /* LocalFeedImage.swift */; };
		AC21F5DB25E429E40084C093 /* LoadFeedFromCacheUseCaseTests.swift in Sources */ = {isa = PBXBuildFile; fileRef = AC21F5DA25E429E40084C093 /* LoadFeedFromCacheUseCaseTests.swift */; };
		AC21F5E125E42C570084C093 /* FeedStoreSpy.swift in Sources */ = {isa = PBXBuildFile; fileRef = AC21F5E025E42C570084C093 /* FeedStoreSpy.swift */; };
		AC49C62A25EB94C6003B51BA /* ValidateFeedCacheUseCaseTests.swift in Sources */ = {isa = PBXBuildFile; fileRef = AC49C62925EB94C6003B51BA /* ValidateFeedCacheUseCaseTests.swift */; };
		AC49C62F25EB9B87003B51BA /* FeedCacheTestHelpers.swift in Sources */ = {isa = PBXBuildFile; fileRef = AC49C62E25EB9B87003B51BA /* FeedCacheTestHelpers.swift */; };
		AC49C63425EB9C84003B51BA /* SharedTestHelpers.swift in Sources */ = {isa = PBXBuildFile; fileRef = AC49C63325EB9C84003B51BA /* SharedTestHelpers.swift */; };
		AC49C63925EBF68B003B51BA /* FeedCachePolicy.swift in Sources */ = {isa = PBXBuildFile; fileRef = AC49C63825EBF68B003B51BA /* FeedCachePolicy.swift */; };
		AC49C63E25EC3730003B51BA /* CodableFeedStoreTests.swift in Sources */ = {isa = PBXBuildFile; fileRef = AC49C63D25EC3730003B51BA /* CodableFeedStoreTests.swift */; };
		AC56ABDC25D9332800F1C778 /* CacheFeedUseCaseTests.swift in Sources */ = {isa = PBXBuildFile; fileRef = AC56ABDB25D9332800F1C778 /* CacheFeedUseCaseTests.swift */; };
		AC6495FC25FE7926000F441B /* CodableFeedStore.swift in Sources */ = {isa = PBXBuildFile; fileRef = AC6495FB25FE7926000F441B /* CodableFeedStore.swift */; };
		AC7A282F25C9F46900186F59 /* XCTestCase+MemoryLeakTracking.swift in Sources */ = {isa = PBXBuildFile; fileRef = AC7A282E25C9F46900186F59 /* XCTestCase+MemoryLeakTracking.swift */; };
		AC7A283725CA15F300186F59 /* URLSessionHTTPClient.swift in Sources */ = {isa = PBXBuildFile; fileRef = AC7A283625CA15F300186F59 /* URLSessionHTTPClient.swift */; };
		AC7A287425CB2F7C00186F59 /* EssentialFeed2APIEndToEndTests.swift in Sources */ = {isa = PBXBuildFile; fileRef = AC7A287325CB2F7C00186F59 /* EssentialFeed2APIEndToEndTests.swift */; };
		AC7A287625CB2F7C00186F59 /* EssentialFeed2.framework in Frameworks */ = {isa = PBXBuildFile; fileRef = AC1A6C0B25A257DC008A1CA2 /* EssentialFeed2.framework */; };
		AC7A288325CB430800186F59 /* XCTestCase+MemoryLeakTracking.swift in Sources */ = {isa = PBXBuildFile; fileRef = AC7A282E25C9F46900186F59 /* XCTestCase+MemoryLeakTracking.swift */; };
		ACACAD4C260001BC0057E600 /* FeedStoreSpecs.swift in Sources */ = {isa = PBXBuildFile; fileRef = ACACAD4B260001BC0057E600 /* FeedStoreSpecs.swift */; };
		ACACAD51260003150057E600 /* XCTestCase+FeedStoreSpecs.swift in Sources */ = {isa = PBXBuildFile; fileRef = ACACAD50260003150057E600 /* XCTestCase+FeedStoreSpecs.swift */; };
		ACACAD592600A2970057E600 /* XCTestCase+FailableRetrieveFeedStoreSpecs.swift in Sources */ = {isa = PBXBuildFile; fileRef = ACACAD582600A2970057E600 /* XCTestCase+FailableRetrieveFeedStoreSpecs.swift */; };
		ACACAD5E2600A3F70057E600 /* XCTestCase+FailableInsertFeedStoreSpecs.swift in Sources */ = {isa = PBXBuildFile; fileRef = ACACAD5D2600A3F70057E600 /* XCTestCase+FailableInsertFeedStoreSpecs.swift */; };
		ACACAD662600A6E80057E600 /* XCTestCase+FailableDeleteFeedStoreSpecs.swift in Sources */ = {isa = PBXBuildFile; fileRef = ACACAD652600A6E80057E600 /* XCTestCase+FailableDeleteFeedStoreSpecs.swift */; };
		ACED998925D9C36C002CDD94 /* LocalFeedLoader.swift in Sources */ = {isa = PBXBuildFile; fileRef = ACED998825D9C36C002CDD94 /* LocalFeedLoader.swift */; };
		ACED998E25D9C48F002CDD94 /* FeedStore.swift in Sources */ = {isa = PBXBuildFile; fileRef = ACED998D25D9C48F002CDD94 /* FeedStore.swift */; };
		ACF5B18A25AB880A00193D0C /* HTTPClient.swift in Sources */ = {isa = PBXBuildFile; fileRef = ACF5B18925AB880A00193D0C /* HTTPClient.swift */; };
		ACF5B18E25AB888200193D0C /* FeedItemsMapper.swift in Sources */ = {isa = PBXBuildFile; fileRef = ACF5B18D25AB888200193D0C /* FeedItemsMapper.swift */; };
		ACFA66E725B39E170011711F /* URLSessionHTTPClientTests.swift in Sources */ = {isa = PBXBuildFile; fileRef = ACFA66E625B39E170011711F /* URLSessionHTTPClientTests.swift */; };
/* End PBXBuildFile section */

/* Begin PBXContainerItemProxy section */
		AC1A6C1625A257DC008A1CA2 /* PBXContainerItemProxy */ = {
			isa = PBXContainerItemProxy;
			containerPortal = AC1A6C0225A257DC008A1CA2 /* Project object */;
			proxyType = 1;
			remoteGlobalIDString = AC1A6C0A25A257DC008A1CA2;
			remoteInfo = EssentialFeed2;
		};
		AC7A287725CB2F7C00186F59 /* PBXContainerItemProxy */ = {
			isa = PBXContainerItemProxy;
			containerPortal = AC1A6C0225A257DC008A1CA2 /* Project object */;
			proxyType = 1;
			remoteGlobalIDString = AC1A6C0A25A257DC008A1CA2;
			remoteInfo = EssentialFeed2;
		};
/* End PBXContainerItemProxy section */

/* Begin PBXFileReference section */
		AC1A6C0B25A257DC008A1CA2 /* EssentialFeed2.framework */ = {isa = PBXFileReference; explicitFileType = wrapper.framework; includeInIndex = 0; path = EssentialFeed2.framework; sourceTree = BUILT_PRODUCTS_DIR; };
		AC1A6C0F25A257DC008A1CA2 /* Info.plist */ = {isa = PBXFileReference; lastKnownFileType = text.plist.xml; path = Info.plist; sourceTree = "<group>"; };
		AC1A6C1425A257DC008A1CA2 /* EssentialFeed2Tests.xctest */ = {isa = PBXFileReference; explicitFileType = wrapper.cfbundle; includeInIndex = 0; path = EssentialFeed2Tests.xctest; sourceTree = BUILT_PRODUCTS_DIR; };
		AC1A6C1B25A257DC008A1CA2 /* Info.plist */ = {isa = PBXFileReference; lastKnownFileType = text.plist.xml; path = Info.plist; sourceTree = "<group>"; };
		AC1A6C2B25A2582F008A1CA2 /* FeedItem.swift */ = {isa = PBXFileReference; lastKnownFileType = sourcecode.swift; path = FeedItem.swift; sourceTree = "<group>"; };
		AC1A6C2F25A25938008A1CA2 /* FeedLoader.swift */ = {isa = PBXFileReference; lastKnownFileType = sourcecode.swift; path = FeedLoader.swift; sourceTree = "<group>"; };
		AC1A6C3625A3B282008A1CA2 /* LoadFeedFromRemoteUseCaseTests.swift */ = {isa = PBXFileReference; lastKnownFileType = sourcecode.swift; path = LoadFeedFromRemoteUseCaseTests.swift; sourceTree = "<group>"; };
		AC1A6C3B25A3CD82008A1CA2 /* RemoteFeedLoader.swift */ = {isa = PBXFileReference; lastKnownFileType = sourcecode.swift; path = RemoteFeedLoader.swift; sourceTree = "<group>"; };
		AC21F55225DEF7800084C093 /* RemoteFeedItem.swift */ = {isa = PBXFileReference; lastKnownFileType = sourcecode.swift; path = RemoteFeedItem.swift; sourceTree = "<group>"; };
		AC21F55725DEF8120084C093 /* LocalFeedImage.swift */ = {isa = PBXFileReference; lastKnownFileType = sourcecode.swift; path = LocalFeedImage.swift; sourceTree = "<group>"; };
		AC21F5DA25E429E40084C093 /* LoadFeedFromCacheUseCaseTests.swift */ = {isa = PBXFileReference; lastKnownFileType = sourcecode.swift; path = LoadFeedFromCacheUseCaseTests.swift; sourceTree = "<group>"; };
		AC21F5E025E42C570084C093 /* FeedStoreSpy.swift */ = {isa = PBXFileReference; lastKnownFileType = sourcecode.swift; path = FeedStoreSpy.swift; sourceTree = "<group>"; };
		AC49C62925EB94C6003B51BA /* ValidateFeedCacheUseCaseTests.swift */ = {isa = PBXFileReference; lastKnownFileType = sourcecode.swift; path = ValidateFeedCacheUseCaseTests.swift; sourceTree = "<group>"; };
		AC49C62E25EB9B87003B51BA /* FeedCacheTestHelpers.swift */ = {isa = PBXFileReference; lastKnownFileType = sourcecode.swift; path = FeedCacheTestHelpers.swift; sourceTree = "<group>"; };
		AC49C63325EB9C84003B51BA /* SharedTestHelpers.swift */ = {isa = PBXFileReference; lastKnownFileType = sourcecode.swift; path = SharedTestHelpers.swift; sourceTree = "<group>"; };
		AC49C63825EBF68B003B51BA /* FeedCachePolicy.swift */ = {isa = PBXFileReference; lastKnownFileType = sourcecode.swift; path = FeedCachePolicy.swift; sourceTree = "<group>"; };
		AC49C63D25EC3730003B51BA /* CodableFeedStoreTests.swift */ = {isa = PBXFileReference; lastKnownFileType = sourcecode.swift; path = CodableFeedStoreTests.swift; sourceTree = "<group>"; };
		AC56ABDB25D9332800F1C778 /* CacheFeedUseCaseTests.swift */ = {isa = PBXFileReference; lastKnownFileType = sourcecode.swift; path = CacheFeedUseCaseTests.swift; sourceTree = "<group>"; };
		AC6495FB25FE7926000F441B /* CodableFeedStore.swift */ = {isa = PBXFileReference; lastKnownFileType = sourcecode.swift; path = CodableFeedStore.swift; sourceTree = "<group>"; };
		AC7A282E25C9F46900186F59 /* XCTestCase+MemoryLeakTracking.swift */ = {isa = PBXFileReference; lastKnownFileType = sourcecode.swift; path = "XCTestCase+MemoryLeakTracking.swift"; sourceTree = "<group>"; };
		AC7A283625CA15F300186F59 /* URLSessionHTTPClient.swift */ = {isa = PBXFileReference; lastKnownFileType = sourcecode.swift; path = URLSessionHTTPClient.swift; sourceTree = "<group>"; };
		AC7A287125CB2F7C00186F59 /* EssentialFeed2APIEndToEndTests.xctest */ = {isa = PBXFileReference; explicitFileType = wrapper.cfbundle; includeInIndex = 0; path = EssentialFeed2APIEndToEndTests.xctest; sourceTree = BUILT_PRODUCTS_DIR; };
		AC7A287325CB2F7C00186F59 /* EssentialFeed2APIEndToEndTests.swift */ = {isa = PBXFileReference; lastKnownFileType = sourcecode.swift; path = EssentialFeed2APIEndToEndTests.swift; sourceTree = "<group>"; };
		AC7A287525CB2F7C00186F59 /* Info.plist */ = {isa = PBXFileReference; lastKnownFileType = text.plist.xml; path = Info.plist; sourceTree = "<group>"; };
		ACACAD4B260001BC0057E600 /* FeedStoreSpecs.swift */ = {isa = PBXFileReference; lastKnownFileType = sourcecode.swift; path = FeedStoreSpecs.swift; sourceTree = "<group>"; };
		ACACAD50260003150057E600 /* XCTestCase+FeedStoreSpecs.swift */ = {isa = PBXFileReference; lastKnownFileType = sourcecode.swift; path = "XCTestCase+FeedStoreSpecs.swift"; sourceTree = "<group>"; };
		ACACAD582600A2970057E600 /* XCTestCase+FailableRetrieveFeedStoreSpecs.swift */ = {isa = PBXFileReference; lastKnownFileType = sourcecode.swift; path = "XCTestCase+FailableRetrieveFeedStoreSpecs.swift"; sourceTree = "<group>"; };
		ACACAD5D2600A3F70057E600 /* XCTestCase+FailableInsertFeedStoreSpecs.swift */ = {isa = PBXFileReference; lastKnownFileType = sourcecode.swift; path = "XCTestCase+FailableInsertFeedStoreSpecs.swift"; sourceTree = "<group>"; };
		ACACAD652600A6E80057E600 /* XCTestCase+FailableDeleteFeedStoreSpecs.swift */ = {isa = PBXFileReference; lastKnownFileType = sourcecode.swift; path = "XCTestCase+FailableDeleteFeedStoreSpecs.swift"; sourceTree = "<group>"; };
		ACED998825D9C36C002CDD94 /* LocalFeedLoader.swift */ = {isa = PBXFileReference; lastKnownFileType = sourcecode.swift; path = LocalFeedLoader.swift; sourceTree = "<group>"; };
		ACED998D25D9C48F002CDD94 /* FeedStore.swift */ = {isa = PBXFileReference; lastKnownFileType = sourcecode.swift; path = FeedStore.swift; sourceTree = "<group>"; };
		ACF5B18925AB880A00193D0C /* HTTPClient.swift */ = {isa = PBXFileReference; lastKnownFileType = sourcecode.swift; path = HTTPClient.swift; sourceTree = "<group>"; };
		ACF5B18D25AB888200193D0C /* FeedItemsMapper.swift */ = {isa = PBXFileReference; lastKnownFileType = sourcecode.swift; path = FeedItemsMapper.swift; sourceTree = "<group>"; };
		ACFA66E625B39E170011711F /* URLSessionHTTPClientTests.swift */ = {isa = PBXFileReference; lastKnownFileType = sourcecode.swift; path = URLSessionHTTPClientTests.swift; sourceTree = "<group>"; };
/* End PBXFileReference section */

/* Begin PBXFrameworksBuildPhase section */
		AC1A6C0825A257DC008A1CA2 /* Frameworks */ = {
			isa = PBXFrameworksBuildPhase;
			buildActionMask = 2147483647;
			files = (
			);
			runOnlyForDeploymentPostprocessing = 0;
		};
		AC1A6C1125A257DC008A1CA2 /* Frameworks */ = {
			isa = PBXFrameworksBuildPhase;
			buildActionMask = 2147483647;
			files = (
				AC1A6C1525A257DC008A1CA2 /* EssentialFeed2.framework in Frameworks */,
			);
			runOnlyForDeploymentPostprocessing = 0;
		};
		AC7A286E25CB2F7B00186F59 /* Frameworks */ = {
			isa = PBXFrameworksBuildPhase;
			buildActionMask = 2147483647;
			files = (
				AC7A287625CB2F7C00186F59 /* EssentialFeed2.framework in Frameworks */,
			);
			runOnlyForDeploymentPostprocessing = 0;
		};
/* End PBXFrameworksBuildPhase section */

/* Begin PBXGroup section */
		AC1A6C0125A257DC008A1CA2 = {
			isa = PBXGroup;
			children = (
				AC1A6C0D25A257DC008A1CA2 /* EssentialFeed2 */,
				AC1A6C1825A257DC008A1CA2 /* EssentialFeed2Tests */,
				AC7A287225CB2F7C00186F59 /* EssentialFeed2APIEndToEndTests */,
				AC1A6C0C25A257DC008A1CA2 /* Products */,
			);
			sourceTree = "<group>";
		};
		AC1A6C0C25A257DC008A1CA2 /* Products */ = {
			isa = PBXGroup;
			children = (
				AC1A6C0B25A257DC008A1CA2 /* EssentialFeed2.framework */,
				AC1A6C1425A257DC008A1CA2 /* EssentialFeed2Tests.xctest */,
				AC7A287125CB2F7C00186F59 /* EssentialFeed2APIEndToEndTests.xctest */,
			);
			name = Products;
			sourceTree = "<group>";
		};
		AC1A6C0D25A257DC008A1CA2 /* EssentialFeed2 */ = {
			isa = PBXGroup;
			children = (
				AC1A6C0F25A257DC008A1CA2 /* Info.plist */,
				ACED998725D9C351002CDD94 /* Feed Cache */,
				AC1A6C3325A25C86008A1CA2 /* Feed Feature */,
				AC1A6C3A25A3CD6E008A1CA2 /* Feed API */,
			);
			path = EssentialFeed2;
			sourceTree = "<group>";
		};
		AC1A6C1825A257DC008A1CA2 /* EssentialFeed2Tests */ = {
			isa = PBXGroup;
			children = (
				AC1A6C1B25A257DC008A1CA2 /* Info.plist */,
				AC7A282D25C9F44400186F59 /* Helpers */,
				AC56ABDA25D932C700F1C778 /* Feed Cache */,
				ACF5B19125AB9C0D00193D0C /* Feed API */,
			);
			path = EssentialFeed2Tests;
			sourceTree = "<group>";
		};
		AC1A6C3325A25C86008A1CA2 /* Feed Feature */ = {
			isa = PBXGroup;
			children = (
				AC1A6C2B25A2582F008A1CA2 /* FeedItem.swift */,
				AC1A6C2F25A25938008A1CA2 /* FeedLoader.swift */,
			);
			path = "Feed Feature";
			sourceTree = "<group>";
		};
		AC1A6C3A25A3CD6E008A1CA2 /* Feed API */ = {
			isa = PBXGroup;
			children = (
				AC1A6C3B25A3CD82008A1CA2 /* RemoteFeedLoader.swift */,
				ACF5B18D25AB888200193D0C /* FeedItemsMapper.swift */,
				AC21F55225DEF7800084C093 /* RemoteFeedItem.swift */,
				ACF5B18925AB880A00193D0C /* HTTPClient.swift */,
				AC7A283625CA15F300186F59 /* URLSessionHTTPClient.swift */,
			);
			path = "Feed API";
			sourceTree = "<group>";
		};
		AC21F5DF25E42C270084C093 /* Helpers */ = {
			isa = PBXGroup;
			children = (
				AC21F5E025E42C570084C093 /* FeedStoreSpy.swift */,
				AC49C62E25EB9B87003B51BA /* FeedCacheTestHelpers.swift */,
			);
			path = Helpers;
			sourceTree = "<group>";
		};
		AC56ABDA25D932C700F1C778 /* Feed Cache */ = {
			isa = PBXGroup;
			children = (
				AC21F5DF25E42C270084C093 /* Helpers */,
				AC56ABDB25D9332800F1C778 /* CacheFeedUseCaseTests.swift */,
				AC21F5DA25E429E40084C093 /* LoadFeedFromCacheUseCaseTests.swift */,
				AC49C62925EB94C6003B51BA /* ValidateFeedCacheUseCaseTests.swift */,
				AC49C63D25EC3730003B51BA /* CodableFeedStoreTests.swift */,
				ACACAD4B260001BC0057E600 /* FeedStoreSpecs.swift */,
				ACACAD50260003150057E600 /* XCTestCase+FeedStoreSpecs.swift */,
				ACACAD582600A2970057E600 /* XCTestCase+FailableRetrieveFeedStoreSpecs.swift */,
				ACACAD5D2600A3F70057E600 /* XCTestCase+FailableInsertFeedStoreSpecs.swift */,
				ACACAD652600A6E80057E600 /* XCTestCase+FailableDeleteFeedStoreSpecs.swift */,
			);
			path = "Feed Cache";
			sourceTree = "<group>";
		};
		AC7A282D25C9F44400186F59 /* Helpers */ = {
			isa = PBXGroup;
			children = (
				AC7A282E25C9F46900186F59 /* XCTestCase+MemoryLeakTracking.swift */,
				AC49C63325EB9C84003B51BA /* SharedTestHelpers.swift */,
			);
			path = Helpers;
			sourceTree = "<group>";
		};
		AC7A287225CB2F7C00186F59 /* EssentialFeed2APIEndToEndTests */ = {
			isa = PBXGroup;
			children = (
				AC7A287325CB2F7C00186F59 /* EssentialFeed2APIEndToEndTests.swift */,
				AC7A287525CB2F7C00186F59 /* Info.plist */,
			);
			path = EssentialFeed2APIEndToEndTests;
			sourceTree = "<group>";
		};
		ACED998725D9C351002CDD94 /* Feed Cache */ = {
			isa = PBXGroup;
			children = (
				ACED998825D9C36C002CDD94 /* LocalFeedLoader.swift */,
				ACED998D25D9C48F002CDD94 /* FeedStore.swift */,
				AC21F55725DEF8120084C093 /* LocalFeedImage.swift */,
				AC49C63825EBF68B003B51BA /* FeedCachePolicy.swift */,
				AC6495FB25FE7926000F441B /* CodableFeedStore.swift */,
			);
			path = "Feed Cache";
			sourceTree = "<group>";
		};
		ACF5B19125AB9C0D00193D0C /* Feed API */ = {
			isa = PBXGroup;
			children = (
				AC1A6C3625A3B282008A1CA2 /* LoadFeedFromRemoteUseCaseTests.swift */,
				ACFA66E625B39E170011711F /* URLSessionHTTPClientTests.swift */,
			);
			path = "Feed API";
			sourceTree = "<group>";
		};
/* End PBXGroup section */

/* Begin PBXHeadersBuildPhase section */
		AC1A6C0625A257DC008A1CA2 /* Headers */ = {
			isa = PBXHeadersBuildPhase;
			buildActionMask = 2147483647;
			files = (
			);
			runOnlyForDeploymentPostprocessing = 0;
		};
/* End PBXHeadersBuildPhase section */

/* Begin PBXNativeTarget section */
		AC1A6C0A25A257DC008A1CA2 /* EssentialFeed2 */ = {
			isa = PBXNativeTarget;
			buildConfigurationList = AC1A6C1F25A257DC008A1CA2 /* Build configuration list for PBXNativeTarget "EssentialFeed2" */;
			buildPhases = (
				AC1A6C0625A257DC008A1CA2 /* Headers */,
				AC1A6C0725A257DC008A1CA2 /* Sources */,
				AC1A6C0825A257DC008A1CA2 /* Frameworks */,
				AC1A6C0925A257DC008A1CA2 /* Resources */,
			);
			buildRules = (
			);
			dependencies = (
			);
			name = EssentialFeed2;
			productName = EssentialFeed2;
			productReference = AC1A6C0B25A257DC008A1CA2 /* EssentialFeed2.framework */;
			productType = "com.apple.product-type.framework";
		};
		AC1A6C1325A257DC008A1CA2 /* EssentialFeed2Tests */ = {
			isa = PBXNativeTarget;
			buildConfigurationList = AC1A6C2225A257DC008A1CA2 /* Build configuration list for PBXNativeTarget "EssentialFeed2Tests" */;
			buildPhases = (
				AC1A6C1025A257DC008A1CA2 /* Sources */,
				AC1A6C1125A257DC008A1CA2 /* Frameworks */,
				AC1A6C1225A257DC008A1CA2 /* Resources */,
			);
			buildRules = (
			);
			dependencies = (
				AC1A6C1725A257DC008A1CA2 /* PBXTargetDependency */,
			);
			name = EssentialFeed2Tests;
			productName = EssentialFeed2Tests;
			productReference = AC1A6C1425A257DC008A1CA2 /* EssentialFeed2Tests.xctest */;
			productType = "com.apple.product-type.bundle.unit-test";
		};
		AC7A287025CB2F7B00186F59 /* EssentialFeed2APIEndToEndTests */ = {
			isa = PBXNativeTarget;
			buildConfigurationList = AC7A287925CB2F7C00186F59 /* Build configuration list for PBXNativeTarget "EssentialFeed2APIEndToEndTests" */;
			buildPhases = (
				AC7A286D25CB2F7B00186F59 /* Sources */,
				AC7A286E25CB2F7B00186F59 /* Frameworks */,
				AC7A286F25CB2F7B00186F59 /* Resources */,
			);
			buildRules = (
			);
			dependencies = (
				AC7A287825CB2F7C00186F59 /* PBXTargetDependency */,
			);
			name = EssentialFeed2APIEndToEndTests;
			productName = EssentialFeed2APIEndToEndTests;
			productReference = AC7A287125CB2F7C00186F59 /* EssentialFeed2APIEndToEndTests.xctest */;
			productType = "com.apple.product-type.bundle.unit-test";
		};
/* End PBXNativeTarget section */

/* Begin PBXProject section */
		AC1A6C0225A257DC008A1CA2 /* Project object */ = {
			isa = PBXProject;
			attributes = {
				LastSwiftUpdateCheck = 1230;
				LastUpgradeCheck = 1220;
				TargetAttributes = {
					AC1A6C0A25A257DC008A1CA2 = {
						CreatedOnToolsVersion = 12.2;
						LastSwiftMigration = 1220;
					};
					AC1A6C1325A257DC008A1CA2 = {
						CreatedOnToolsVersion = 12.2;
						LastSwiftMigration = 1220;
					};
					AC7A287025CB2F7B00186F59 = {
						CreatedOnToolsVersion = 12.3;
					};
				};
			};
			buildConfigurationList = AC1A6C0525A257DC008A1CA2 /* Build configuration list for PBXProject "EssentialFeed2" */;
			compatibilityVersion = "Xcode 9.3";
			developmentRegion = en;
			hasScannedForEncodings = 0;
			knownRegions = (
				en,
				Base,
			);
			mainGroup = AC1A6C0125A257DC008A1CA2;
			productRefGroup = AC1A6C0C25A257DC008A1CA2 /* Products */;
			projectDirPath = "";
			projectRoot = "";
			targets = (
				AC1A6C0A25A257DC008A1CA2 /* EssentialFeed2 */,
				AC1A6C1325A257DC008A1CA2 /* EssentialFeed2Tests */,
				AC7A287025CB2F7B00186F59 /* EssentialFeed2APIEndToEndTests */,
			);
		};
/* End PBXProject section */

/* Begin PBXResourcesBuildPhase section */
		AC1A6C0925A257DC008A1CA2 /* Resources */ = {
			isa = PBXResourcesBuildPhase;
			buildActionMask = 2147483647;
			files = (
			);
			runOnlyForDeploymentPostprocessing = 0;
		};
		AC1A6C1225A257DC008A1CA2 /* Resources */ = {
			isa = PBXResourcesBuildPhase;
			buildActionMask = 2147483647;
			files = (
			);
			runOnlyForDeploymentPostprocessing = 0;
		};
		AC7A286F25CB2F7B00186F59 /* Resources */ = {
			isa = PBXResourcesBuildPhase;
			buildActionMask = 2147483647;
			files = (
			);
			runOnlyForDeploymentPostprocessing = 0;
		};
/* End PBXResourcesBuildPhase section */

/* Begin PBXSourcesBuildPhase section */
		AC1A6C0725A257DC008A1CA2 /* Sources */ = {
			isa = PBXSourcesBuildPhase;
			buildActionMask = 2147483647;
			files = (
				ACF5B18E25AB888200193D0C /* FeedItemsMapper.swift in Sources */,
				AC1A6C3025A25938008A1CA2 /* FeedLoader.swift in Sources */,
				AC21F55325DEF7800084C093 /* RemoteFeedItem.swift in Sources */,
				AC49C63925EBF68B003B51BA /* FeedCachePolicy.swift in Sources */,
				AC1A6C3C25A3CD82008A1CA2 /* RemoteFeedLoader.swift in Sources */,
				AC21F55825DEF8120084C093 /* LocalFeedImage.swift in Sources */,
				ACED998E25D9C48F002CDD94 /* FeedStore.swift in Sources */,
				ACED998925D9C36C002CDD94 /* LocalFeedLoader.swift in Sources */,
				AC6495FC25FE7926000F441B /* CodableFeedStore.swift in Sources */,
				ACF5B18A25AB880A00193D0C /* HTTPClient.swift in Sources */,
				AC1A6C2C25A2582F008A1CA2 /* FeedItem.swift in Sources */,
				AC7A283725CA15F300186F59 /* URLSessionHTTPClient.swift in Sources */,
			);
			runOnlyForDeploymentPostprocessing = 0;
		};
		AC1A6C1025A257DC008A1CA2 /* Sources */ = {
			isa = PBXSourcesBuildPhase;
			buildActionMask = 2147483647;
			files = (
				AC49C63E25EC3730003B51BA /* CodableFeedStoreTests.swift in Sources */,
				AC49C62F25EB9B87003B51BA /* FeedCacheTestHelpers.swift in Sources */,
				AC49C62A25EB94C6003B51BA /* ValidateFeedCacheUseCaseTests.swift in Sources */,
				AC1A6C3725A3B282008A1CA2 /* LoadFeedFromRemoteUseCaseTests.swift in Sources */,
				ACACAD5E2600A3F70057E600 /* XCTestCase+FailableInsertFeedStoreSpecs.swift in Sources */,
				ACFA66E725B39E170011711F /* URLSessionHTTPClientTests.swift in Sources */,
				AC21F5E125E42C570084C093 /* FeedStoreSpy.swift in Sources */,
				AC49C63425EB9C84003B51BA /* SharedTestHelpers.swift in Sources */,
				AC56ABDC25D9332800F1C778 /* CacheFeedUseCaseTests.swift in Sources */,
				ACACAD662600A6E80057E600 /* XCTestCase+FailableDeleteFeedStoreSpecs.swift in Sources */,
				ACACAD592600A2970057E600 /* XCTestCase+FailableRetrieveFeedStoreSpecs.swift in Sources */,
				AC21F5DB25E429E40084C093 /* LoadFeedFromCacheUseCaseTests.swift in Sources */,
				ACACAD4C260001BC0057E600 /* FeedStoreSpecs.swift in Sources */,
				AC7A282F25C9F46900186F59 /* XCTestCase+MemoryLeakTracking.swift in Sources */,
				ACACAD51260003150057E600 /* XCTestCase+FeedStoreSpecs.swift in Sources */,
			);
			runOnlyForDeploymentPostprocessing = 0;
		};
		AC7A286D25CB2F7B00186F59 /* Sources */ = {
			isa = PBXSourcesBuildPhase;
			buildActionMask = 2147483647;
			files = (
				AC7A287425CB2F7C00186F59 /* EssentialFeed2APIEndToEndTests.swift in Sources */,
				AC7A288325CB430800186F59 /* XCTestCase+MemoryLeakTracking.swift in Sources */,
			);
			runOnlyForDeploymentPostprocessing = 0;
		};
/* End PBXSourcesBuildPhase section */

/* Begin PBXTargetDependency section */
		AC1A6C1725A257DC008A1CA2 /* PBXTargetDependency */ = {
			isa = PBXTargetDependency;
			target = AC1A6C0A25A257DC008A1CA2 /* EssentialFeed2 */;
			targetProxy = AC1A6C1625A257DC008A1CA2 /* PBXContainerItemProxy */;
		};
		AC7A287825CB2F7C00186F59 /* PBXTargetDependency */ = {
			isa = PBXTargetDependency;
			target = AC1A6C0A25A257DC008A1CA2 /* EssentialFeed2 */;
			targetProxy = AC7A287725CB2F7C00186F59 /* PBXContainerItemProxy */;
		};
/* End PBXTargetDependency section */

/* Begin XCBuildConfiguration section */
		AC1A6C1D25A257DC008A1CA2 /* Debug */ = {
			isa = XCBuildConfiguration;
			buildSettings = {
				ALWAYS_SEARCH_USER_PATHS = NO;
				CLANG_ANALYZER_NONNULL = YES;
				CLANG_ANALYZER_NUMBER_OBJECT_CONVERSION = YES_AGGRESSIVE;
				CLANG_CXX_LANGUAGE_STANDARD = "gnu++14";
				CLANG_CXX_LIBRARY = "libc++";
				CLANG_ENABLE_MODULES = YES;
				CLANG_ENABLE_OBJC_ARC = YES;
				CLANG_ENABLE_OBJC_WEAK = YES;
				CLANG_WARN_BLOCK_CAPTURE_AUTORELEASING = YES;
				CLANG_WARN_BOOL_CONVERSION = YES;
				CLANG_WARN_COMMA = YES;
				CLANG_WARN_CONSTANT_CONVERSION = YES;
				CLANG_WARN_DEPRECATED_OBJC_IMPLEMENTATIONS = YES;
				CLANG_WARN_DIRECT_OBJC_ISA_USAGE = YES_ERROR;
				CLANG_WARN_DOCUMENTATION_COMMENTS = YES;
				CLANG_WARN_EMPTY_BODY = YES;
				CLANG_WARN_ENUM_CONVERSION = YES;
				CLANG_WARN_INFINITE_RECURSION = YES;
				CLANG_WARN_INT_CONVERSION = YES;
				CLANG_WARN_NON_LITERAL_NULL_CONVERSION = YES;
				CLANG_WARN_OBJC_IMPLICIT_RETAIN_SELF = YES;
				CLANG_WARN_OBJC_LITERAL_CONVERSION = YES;
				CLANG_WARN_OBJC_ROOT_CLASS = YES_ERROR;
				CLANG_WARN_QUOTED_INCLUDE_IN_FRAMEWORK_HEADER = YES;
				CLANG_WARN_RANGE_LOOP_ANALYSIS = YES;
				CLANG_WARN_STRICT_PROTOTYPES = YES;
				CLANG_WARN_SUSPICIOUS_MOVE = YES;
				CLANG_WARN_UNGUARDED_AVAILABILITY = YES_AGGRESSIVE;
				CLANG_WARN_UNREACHABLE_CODE = YES;
				CLANG_WARN__DUPLICATE_METHOD_MATCH = YES;
				COPY_PHASE_STRIP = NO;
				CURRENT_PROJECT_VERSION = 15;
				DEBUG_INFORMATION_FORMAT = dwarf;
				ENABLE_STRICT_OBJC_MSGSEND = YES;
				ENABLE_TESTABILITY = YES;
				GCC_C_LANGUAGE_STANDARD = gnu11;
				GCC_DYNAMIC_NO_PIC = NO;
				GCC_NO_COMMON_BLOCKS = YES;
				GCC_OPTIMIZATION_LEVEL = 0;
				GCC_PREPROCESSOR_DEFINITIONS = (
					"DEBUG=1",
					"$(inherited)",
				);
				GCC_WARN_64_TO_32_BIT_CONVERSION = YES;
				GCC_WARN_ABOUT_RETURN_TYPE = YES_ERROR;
				GCC_WARN_UNDECLARED_SELECTOR = YES;
				GCC_WARN_UNINITIALIZED_AUTOS = YES_AGGRESSIVE;
				GCC_WARN_UNUSED_FUNCTION = YES;
				GCC_WARN_UNUSED_VARIABLE = YES;
				MACOSX_DEPLOYMENT_TARGET = 10.15;
				MTL_ENABLE_DEBUG_INFO = INCLUDE_SOURCE;
				MTL_FAST_MATH = YES;
				ONLY_ACTIVE_ARCH = YES;
				SDKROOT = macosx;
				SWIFT_ACTIVE_COMPILATION_CONDITIONS = DEBUG;
				SWIFT_OPTIMIZATION_LEVEL = "-Onone";
				VERSIONING_SYSTEM = "apple-generic";
				VERSION_INFO_PREFIX = "";
			};
			name = Debug;
		};
		AC1A6C1E25A257DC008A1CA2 /* Release */ = {
			isa = XCBuildConfiguration;
			buildSettings = {
				ALWAYS_SEARCH_USER_PATHS = NO;
				CLANG_ANALYZER_NONNULL = YES;
				CLANG_ANALYZER_NUMBER_OBJECT_CONVERSION = YES_AGGRESSIVE;
				CLANG_CXX_LANGUAGE_STANDARD = "gnu++14";
				CLANG_CXX_LIBRARY = "libc++";
				CLANG_ENABLE_MODULES = YES;
				CLANG_ENABLE_OBJC_ARC = YES;
				CLANG_ENABLE_OBJC_WEAK = YES;
				CLANG_WARN_BLOCK_CAPTURE_AUTORELEASING = YES;
				CLANG_WARN_BOOL_CONVERSION = YES;
				CLANG_WARN_COMMA = YES;
				CLANG_WARN_CONSTANT_CONVERSION = YES;
				CLANG_WARN_DEPRECATED_OBJC_IMPLEMENTATIONS = YES;
				CLANG_WARN_DIRECT_OBJC_ISA_USAGE = YES_ERROR;
				CLANG_WARN_DOCUMENTATION_COMMENTS = YES;
				CLANG_WARN_EMPTY_BODY = YES;
				CLANG_WARN_ENUM_CONVERSION = YES;
				CLANG_WARN_INFINITE_RECURSION = YES;
				CLANG_WARN_INT_CONVERSION = YES;
				CLANG_WARN_NON_LITERAL_NULL_CONVERSION = YES;
				CLANG_WARN_OBJC_IMPLICIT_RETAIN_SELF = YES;
				CLANG_WARN_OBJC_LITERAL_CONVERSION = YES;
				CLANG_WARN_OBJC_ROOT_CLASS = YES_ERROR;
				CLANG_WARN_QUOTED_INCLUDE_IN_FRAMEWORK_HEADER = YES;
				CLANG_WARN_RANGE_LOOP_ANALYSIS = YES;
				CLANG_WARN_STRICT_PROTOTYPES = YES;
				CLANG_WARN_SUSPICIOUS_MOVE = YES;
				CLANG_WARN_UNGUARDED_AVAILABILITY = YES_AGGRESSIVE;
				CLANG_WARN_UNREACHABLE_CODE = YES;
				CLANG_WARN__DUPLICATE_METHOD_MATCH = YES;
				COPY_PHASE_STRIP = NO;
				CURRENT_PROJECT_VERSION = 15;
				DEBUG_INFORMATION_FORMAT = "dwarf-with-dsym";
				ENABLE_NS_ASSERTIONS = NO;
				ENABLE_STRICT_OBJC_MSGSEND = YES;
				GCC_C_LANGUAGE_STANDARD = gnu11;
				GCC_NO_COMMON_BLOCKS = YES;
				GCC_WARN_64_TO_32_BIT_CONVERSION = YES;
				GCC_WARN_ABOUT_RETURN_TYPE = YES_ERROR;
				GCC_WARN_UNDECLARED_SELECTOR = YES;
				GCC_WARN_UNINITIALIZED_AUTOS = YES_AGGRESSIVE;
				GCC_WARN_UNUSED_FUNCTION = YES;
				GCC_WARN_UNUSED_VARIABLE = YES;
				MACOSX_DEPLOYMENT_TARGET = 10.15;
				MTL_ENABLE_DEBUG_INFO = NO;
				MTL_FAST_MATH = YES;
				SDKROOT = macosx;
				SWIFT_COMPILATION_MODE = wholemodule;
				SWIFT_OPTIMIZATION_LEVEL = "-O";
				VERSIONING_SYSTEM = "apple-generic";
				VERSION_INFO_PREFIX = "";
			};
			name = Release;
		};
		AC1A6C2025A257DC008A1CA2 /* Debug */ = {
			isa = XCBuildConfiguration;
			buildSettings = {
				CLANG_ENABLE_MODULES = YES;
				CODE_SIGN_STYLE = Automatic;
				COMBINE_HIDPI_IMAGES = YES;
				DEFINES_MODULE = YES;
				DEVELOPMENT_TEAM = 3HJXJJQDSK;
				DYLIB_COMPATIBILITY_VERSION = 1;
				DYLIB_CURRENT_VERSION = 15;
				DYLIB_INSTALL_NAME_BASE = "@rpath";
				INFOPLIST_FILE = EssentialFeed2/Info.plist;
				INSTALL_PATH = "$(LOCAL_LIBRARY_DIR)/Frameworks";
				LD_RUNPATH_SEARCH_PATHS = (
					"$(inherited)",
					"@executable_path/../Frameworks",
					"@loader_path/Frameworks",
				);
				PRODUCT_BUNDLE_IDENTIFIER = com.test.EssentialFeed2;
				PRODUCT_NAME = "$(TARGET_NAME:c99extidentifier)";
				SKIP_INSTALL = YES;
				SWIFT_OPTIMIZATION_LEVEL = "-Onone";
				SWIFT_VERSION = 5.0;
			};
			name = Debug;
		};
		AC1A6C2125A257DC008A1CA2 /* Release */ = {
			isa = XCBuildConfiguration;
			buildSettings = {
				CLANG_ENABLE_MODULES = YES;
				CODE_SIGN_STYLE = Automatic;
				COMBINE_HIDPI_IMAGES = YES;
				DEFINES_MODULE = YES;
				DEVELOPMENT_TEAM = 3HJXJJQDSK;
				DYLIB_COMPATIBILITY_VERSION = 1;
				DYLIB_CURRENT_VERSION = 15;
				DYLIB_INSTALL_NAME_BASE = "@rpath";
				INFOPLIST_FILE = EssentialFeed2/Info.plist;
				INSTALL_PATH = "$(LOCAL_LIBRARY_DIR)/Frameworks";
				LD_RUNPATH_SEARCH_PATHS = (
					"$(inherited)",
					"@executable_path/../Frameworks",
					"@loader_path/Frameworks",
				);
				PRODUCT_BUNDLE_IDENTIFIER = com.test.EssentialFeed2;
				PRODUCT_NAME = "$(TARGET_NAME:c99extidentifier)";
				SKIP_INSTALL = YES;
				SWIFT_VERSION = 5.0;
			};
			name = Release;
		};
		AC1A6C2325A257DC008A1CA2 /* Debug */ = {
			isa = XCBuildConfiguration;
			buildSettings = {
				ALWAYS_EMBED_SWIFT_STANDARD_LIBRARIES = YES;
				CLANG_ENABLE_MODULES = YES;
				CODE_SIGN_STYLE = Automatic;
				COMBINE_HIDPI_IMAGES = YES;
				DEVELOPMENT_TEAM = 3HJXJJQDSK;
				INFOPLIST_FILE = EssentialFeed2Tests/Info.plist;
				LD_RUNPATH_SEARCH_PATHS = (
					"$(inherited)",
					"@executable_path/../Frameworks",
					"@loader_path/../Frameworks",
				);
				PRODUCT_BUNDLE_IDENTIFIER = com.test.EssentialFeed2Tests;
				PRODUCT_NAME = "$(TARGET_NAME)";
				SWIFT_OPTIMIZATION_LEVEL = "-Onone";
				SWIFT_VERSION = 5.0;
			};
			name = Debug;
		};
		AC1A6C2425A257DC008A1CA2 /* Release */ = {
			isa = XCBuildConfiguration;
			buildSettings = {
				ALWAYS_EMBED_SWIFT_STANDARD_LIBRARIES = YES;
				CLANG_ENABLE_MODULES = YES;
				CODE_SIGN_STYLE = Automatic;
				COMBINE_HIDPI_IMAGES = YES;
				DEVELOPMENT_TEAM = 3HJXJJQDSK;
				INFOPLIST_FILE = EssentialFeed2Tests/Info.plist;
				LD_RUNPATH_SEARCH_PATHS = (
					"$(inherited)",
					"@executable_path/../Frameworks",
					"@loader_path/../Frameworks",
				);
				PRODUCT_BUNDLE_IDENTIFIER = com.test.EssentialFeed2Tests;
				PRODUCT_NAME = "$(TARGET_NAME)";
				SWIFT_VERSION = 5.0;
			};
			name = Release;
		};
		AC7A287A25CB2F7C00186F59 /* Debug */ = {
			isa = XCBuildConfiguration;
			buildSettings = {
				CODE_SIGN_STYLE = Automatic;
				COMBINE_HIDPI_IMAGES = YES;
				DEVELOPMENT_TEAM = 3HJXJJQDSK;
				INFOPLIST_FILE = EssentialFeed2APIEndToEndTests/Info.plist;
				LD_RUNPATH_SEARCH_PATHS = (
					"$(inherited)",
					"@executable_path/../Frameworks",
					"@loader_path/../Frameworks",
				);
				PRODUCT_BUNDLE_IDENTIFIER = com.test.EssentialFeed2APIEndToEndTests;
				PRODUCT_NAME = "$(TARGET_NAME)";
				SWIFT_VERSION = 5.0;
			};
			name = Debug;
		};
		AC7A287B25CB2F7C00186F59 /* Release */ = {
			isa = XCBuildConfiguration;
			buildSettings = {
				CODE_SIGN_STYLE = Automatic;
				COMBINE_HIDPI_IMAGES = YES;
				DEVELOPMENT_TEAM = 3HJXJJQDSK;
				INFOPLIST_FILE = EssentialFeed2APIEndToEndTests/Info.plist;
				LD_RUNPATH_SEARCH_PATHS = (
					"$(inherited)",
					"@executable_path/../Frameworks",
					"@loader_path/../Frameworks",
				);
				PRODUCT_BUNDLE_IDENTIFIER = com.test.EssentialFeed2APIEndToEndTests;
				PRODUCT_NAME = "$(TARGET_NAME)";
				SWIFT_VERSION = 5.0;
			};
			name = Release;
		};
/* End XCBuildConfiguration section */

/* Begin XCConfigurationList section */
		AC1A6C0525A257DC008A1CA2 /* Build configuration list for PBXProject "EssentialFeed2" */ = {
			isa = XCConfigurationList;
			buildConfigurations = (
				AC1A6C1D25A257DC008A1CA2 /* Debug */,
				AC1A6C1E25A257DC008A1CA2 /* Release */,
			);
			defaultConfigurationIsVisible = 0;
			defaultConfigurationName = Release;
		};
		AC1A6C1F25A257DC008A1CA2 /* Build configuration list for PBXNativeTarget "EssentialFeed2" */ = {
			isa = XCConfigurationList;
			buildConfigurations = (
				AC1A6C2025A257DC008A1CA2 /* Debug */,
				AC1A6C2125A257DC008A1CA2 /* Release */,
			);
			defaultConfigurationIsVisible = 0;
			defaultConfigurationName = Release;
		};
		AC1A6C2225A257DC008A1CA2 /* Build configuration list for PBXNativeTarget "EssentialFeed2Tests" */ = {
			isa = XCConfigurationList;
			buildConfigurations = (
				AC1A6C2325A257DC008A1CA2 /* Debug */,
				AC1A6C2425A257DC008A1CA2 /* Release */,
			);
			defaultConfigurationIsVisible = 0;
			defaultConfigurationName = Release;
		};
		AC7A287925CB2F7C00186F59 /* Build configuration list for PBXNativeTarget "EssentialFeed2APIEndToEndTests" */ = {
			isa = XCConfigurationList;
			buildConfigurations = (
				AC7A287A25CB2F7C00186F59 /* Debug */,
				AC7A287B25CB2F7C00186F59 /* Release */,
			);
			defaultConfigurationIsVisible = 0;
			defaultConfigurationName = Release;
		};
/* End XCConfigurationList section */
	};
	rootObject = AC1A6C0225A257DC008A1CA2 /* Project object */;
}
